
Microsoft Visual Studio Solution File, Format Version 12.00
# Visual Studio Version 17
VisualStudioVersion = 17.2.32630.192
MinimumVisualStudioVersion = 10.0.40219.1
Project("{FAE04EC0-301F-11D3-BF4B-00C04F79EFBC}") = "Triangle", "Triangle\Triangle.csproj", "{87E41418-DD76-495C-88B3-62E955CFF2EE}"
EndProject
Global
	GlobalSection(SolutionConfigurationPlatforms) = preSolution
		Debug|Any CPU = Debug|Any CPU
		Release|Any CPU = Release|Any CPU
	EndGlobalSection
	GlobalSection(ProjectConfigurationPlatforms) = postSolution
		{87E41418-DD76-495C-88B3-62E955CFF2EE}.Debug|Any CPU.ActiveCfg = Debug|Any CPU
		{87E41418-DD76-495C-88B3-62E955CFF2EE}.Debug|Any CPU.Build.0 = Debug|Any CPU
		{87E41418-DD76-495C-88B3-62E955CFF2EE}.Release|Any CPU.ActiveCfg = Release|Any CPU
		{87E41418-DD76-495C-88B3-62E955CFF2EE}.Release|Any CPU.Build.0 = Release|Any CPU
	EndGlobalSection
	GlobalSection(SolutionProperties) = preSolution
		HideSolutionNode = FALSE
	EndGlobalSection
	GlobalSection(ExtensibilityGlobals) = postSolution
		SolutionGuid = {38FD525B-9007-4758-A465-74A7B008962F}
	EndGlobalSection
EndGlobal
